github.com/google/uuid v1.3.0 h1:t6JiXgmwXMjEs8VusXIJk2BXHsn+wx8BZdTaoZ5fu7I=
github.com/google/uuid v1.3.0/go.mod h1:TIyPZe4MgqvfeYDBFedMoGGpEw/LqOeaOT+nhxU+yHo=
github.com/sanposhiho/molizen v0.1.9 h1:WgL8ivGshgfjbZZDyUXQCH+X49738teo5W6Yk9rxHoc=
github.com/sanposhiho/molizen v0.1.9/go.mod h1:uEPlwmFZhGJZNWQWAUlKCT/VQfN0wyOfHHNSAjV1OqI=
